
Microsoft Visual Studio Solution File, Format Version 12.00
# Visual Studio Version 16
VisualStudioVersion = 16.0.30717.126
MinimumVisualStudioVersion = 10.0.40219.1
Project("{FAE04EC0-301F-11D3-BF4B-00C04F79EFBC}") = "Kalc", "Kalc.csproj", "{C3B8B7E9-E356-406D-95B6-37E43827E287}"
EndProject
Global
	GlobalSection(SolutionConfigurationPlatforms) = preSolution
		Debug|Any CPU = Debug|Any CPU
		Release|Any CPU = Release|Any CPU
	EndGlobalSection
	GlobalSection(ProjectConfigurationPlatforms) = postSolution
		{C3B8B7E9-E356-406D-95B6-37E43827E287}.Debug|Any CPU.ActiveCfg = Debug|Any CPU
		{C3B8B7E9-E356-406D-95B6-37E43827E287}.Debug|Any CPU.Build.0 = Debug|Any CPU
		{C3B8B7E9-E356-406D-95B6-37E43827E287}.Release|Any CPU.ActiveCfg = Release|Any CPU
		{C3B8B7E9-E356-406D-95B6-37E43827E287}.Release|Any CPU.Build.0 = Release|Any CPU
	EndGlobalSection
	GlobalSection(SolutionProperties) = preSolution
		HideSolutionNode = FALSE
	EndGlobalSection
	GlobalSection(ExtensibilityGlobals) = postSolution
		SolutionGuid = {9DEAB71D-3E5F-414A-AA97-B49D359B5E76}
	EndGlobalSection
EndGlobal
